
Microsoft Visual Studio Solution File, Format Version 12.00
# Visual Studio Version 17
VisualStudioVersion = 17.5.2.0
MinimumVisualStudioVersion = 10.0.40219.1
Project("{FAE04EC0-301F-11D3-BF4B-00C04F79EFBC}") = "pratica-class", "pratica-class\pratica-class.csproj", "{FA317ED7-7443-F930-FEAD-CC11F4BC84FB}"
EndProject
Project("{FAE04EC0-301F-11D3-BF4B-00C04F79EFBC}") = "classe-pessoa", "classe-pessoa\classe-pessoa.csproj", "{0BBA7C14-3CA2-449B-A704-369A4A22491A}"
EndProject
Project("{FAE04EC0-301F-11D3-BF4B-00C04F79EFBC}") = "area-circulo", "area-circulo\area-circulo.csproj", "{552FA0C7-D2FF-47CE-8B96-86D822DAE2CD}"
EndProject
Project("{FAE04EC0-301F-11D3-BF4B-00C04F79EFBC}") = "pratica-operacoes", "pratica-operacoes\pratica-operacoes.csproj", "{ACB6FDD1-537C-40E0-A60E-8AEE7E595FD5}"
EndProject
Project("{FAE04EC0-301F-11D3-BF4B-00C04F79EFBC}") = "produto-simples", "produto-simples\produto-simples.csproj", "{4D754AD3-7C4B-45DA-825F-6B8946725757}"
EndProject
Project("{FAE04EC0-301F-11D3-BF4B-00C04F79EFBC}") = "salario-bonus", "salario-bonus\salario-bonus.csproj", "{E836DA3E-B302-4250-8E05-4AE97DA711E9}"
EndProject
Project("{FAE04EC0-301F-11D3-BF4B-00C04F79EFBC}") = "soma-simples", "soma-simples\soma-simples.csproj", "{DAD712EB-C1DB-4324-92E2-F6A1F82ADC2A}"
EndProject
Project("{FAE04EC0-301F-11D3-BF4B-00C04F79EFBC}") = "classe-livro", "classe-livro\classe-livro.csproj", "{323B4E5D-FDDE-4A5F-91D9-AAAD05FCE7C4}"
EndProject
Project("{FAE04EC0-301F-11D3-BF4B-00C04F79EFBC}") = "classe-carro", "classe-carro\classe-carro.csproj", "{698D4BE3-184C-4F22-AD8D-C31E433B2D55}"
EndProject
Project("{FAE04EC0-301F-11D3-BF4B-00C04F79EFBC}") = "classe-produto", "classe-produto\classe-produto.csproj", "{BAAA0AD7-BAC1-4FD7-AACB-1EFF07D50172}"
EndProject
Project("{FAE04EC0-301F-11D3-BF4B-00C04F79EFBC}") = "classe-retangulo", "classe-retangulo\classe-retangulo.csproj", "{72CBFF2D-D7ED-4702-BF06-DDA6863C068B}"
EndProject
Project("{FAE04EC0-301F-11D3-BF4B-00C04F79EFBC}") = "classe-estudante", "classe-estudante\classe-estudante.csproj", "{26B420A0-0215-4D27-AEC3-07CE6DBA4DD2}"
EndProject
Project("{FAE04EC0-301F-11D3-BF4B-00C04F79EFBC}") = "classe-conta-bancaria", "classe-conta-bancaria\classe-conta-bancaria.csproj", "{D1E2D86F-0969-4303-8FDB-4A75004140C9}"
EndProject
Project("{FAE04EC0-301F-11D3-BF4B-00C04F79EFBC}") = "classe-cachorro", "classe-cachorro\classe-cachorro.csproj", "{4834D3B6-5852-482C-A2E6-3D0DDD72A263}"
EndProject
Project("{FAE04EC0-301F-11D3-BF4B-00C04F79EFBC}") = "classe-musica", "classe-musica\classe-musica.csproj", "{05921135-44F4-4541-8A2A-11BEA8CD55B1}"
EndProject
Project("{FAE04EC0-301F-11D3-BF4B-00C04F79EFBC}") = "classe-circulo", "classe-circulo\classe-circulo.csproj", "{4D705E8D-C5D2-46D4-953F-FB7D6A616432}"
EndProject
Global
	GlobalSection(SolutionConfigurationPlatforms) = preSolution
		Debug|Any CPU = Debug|Any CPU
		Debug|x64 = Debug|x64
		Debug|x86 = Debug|x86
		Release|Any CPU = Release|Any CPU
		Release|x64 = Release|x64
		Release|x86 = Release|x86
	EndGlobalSection
	GlobalSection(ProjectConfigurationPlatforms) = postSolution
		{FA317ED7-7443-F930-FEAD-CC11F4BC84FB}.Debug|Any CPU.ActiveCfg = Debug|Any CPU
		{FA317ED7-7443-F930-FEAD-CC11F4BC84FB}.Debug|Any CPU.Build.0 = Debug|Any CPU
		{FA317ED7-7443-F930-FEAD-CC11F4BC84FB}.Debug|x64.ActiveCfg = Debug|Any CPU
		{FA317ED7-7443-F930-FEAD-CC11F4BC84FB}.Debug|x64.Build.0 = Debug|Any CPU
		{FA317ED7-7443-F930-FEAD-CC11F4BC84FB}.Debug|x86.ActiveCfg = Debug|Any CPU
		{FA317ED7-7443-F930-FEAD-CC11F4BC84FB}.Debug|x86.Build.0 = Debug|Any CPU
		{FA317ED7-7443-F930-FEAD-CC11F4BC84FB}.Release|Any CPU.ActiveCfg = Release|Any CPU
		{FA317ED7-7443-F930-FEAD-CC11F4BC84FB}.Release|Any CPU.Build.0 = Release|Any CPU
		{FA317ED7-7443-F930-FEAD-CC11F4BC84FB}.Release|x64.ActiveCfg = Release|Any CPU
		{FA317ED7-7443-F930-FEAD-CC11F4BC84FB}.Release|x64.Build.0 = Release|Any CPU
		{FA317ED7-7443-F930-FEAD-CC11F4BC84FB}.Release|x86.ActiveCfg = Release|Any CPU
		{FA317ED7-7443-F930-FEAD-CC11F4BC84FB}.Release|x86.Build.0 = Release|Any CPU
		{0BBA7C14-3CA2-449B-A704-369A4A22491A}.Debug|Any CPU.ActiveCfg = Debug|Any CPU
		{0BBA7C14-3CA2-449B-A704-369A4A22491A}.Debug|Any CPU.Build.0 = Debug|Any CPU
		{0BBA7C14-3CA2-449B-A704-369A4A22491A}.Debug|x64.ActiveCfg = Debug|Any CPU
		{0BBA7C14-3CA2-449B-A704-369A4A22491A}.Debug|x64.Build.0 = Debug|Any CPU
		{0BBA7C14-3CA2-449B-A704-369A4A22491A}.Debug|x86.ActiveCfg = Debug|Any CPU
		{0BBA7C14-3CA2-449B-A704-369A4A22491A}.Debug|x86.Build.0 = Debug|Any CPU
		{0BBA7C14-3CA2-449B-A704-369A4A22491A}.Release|Any CPU.ActiveCfg = Release|Any CPU
		{0BBA7C14-3CA2-449B-A704-369A4A22491A}.Release|Any CPU.Build.0 = Release|Any CPU
		{0BBA7C14-3CA2-449B-A704-369A4A22491A}.Release|x64.ActiveCfg = Release|Any CPU
		{0BBA7C14-3CA2-449B-A704-369A4A22491A}.Release|x64.Build.0 = Release|Any CPU
		{0BBA7C14-3CA2-449B-A704-369A4A22491A}.Release|x86.ActiveCfg = Release|Any CPU
		{0BBA7C14-3CA2-449B-A704-369A4A22491A}.Release|x86.Build.0 = Release|Any CPU
		{552FA0C7-D2FF-47CE-8B96-86D822DAE2CD}.Debug|Any CPU.ActiveCfg = Debug|Any CPU
		{552FA0C7-D2FF-47CE-8B96-86D822DAE2CD}.Debug|Any CPU.Build.0 = Debug|Any CPU
		{552FA0C7-D2FF-47CE-8B96-86D822DAE2CD}.Debug|x64.ActiveCfg = Debug|Any CPU
		{552FA0C7-D2FF-47CE-8B96-86D822DAE2CD}.Debug|x64.Build.0 = Debug|Any CPU
		{552FA0C7-D2FF-47CE-8B96-86D822DAE2CD}.Debug|x86.ActiveCfg = Debug|Any CPU
		{552FA0C7-D2FF-47CE-8B96-86D822DAE2CD}.Debug|x86.Build.0 = Debug|Any CPU
		{552FA0C7-D2FF-47CE-8B96-86D822DAE2CD}.Release|Any CPU.ActiveCfg = Release|Any CPU
		{552FA0C7-D2FF-47CE-8B96-86D822DAE2CD}.Release|Any CPU.Build.0 = Release|Any CPU
		{552FA0C7-D2FF-47CE-8B96-86D822DAE2CD}.Release|x64.ActiveCfg = Release|Any CPU
		{552FA0C7-D2FF-47CE-8B96-86D822DAE2CD}.Release|x64.Build.0 = Release|Any CPU
		{552FA0C7-D2FF-47CE-8B96-86D822DAE2CD}.Release|x86.ActiveCfg = Release|Any CPU
		{552FA0C7-D2FF-47CE-8B96-86D822DAE2CD}.Release|x86.Build.0 = Release|Any CPU
		{ACB6FDD1-537C-40E0-A60E-8AEE7E595FD5}.Debug|Any CPU.ActiveCfg = Debug|Any CPU
		{ACB6FDD1-537C-40E0-A60E-8AEE7E595FD5}.Debug|Any CPU.Build.0 = Debug|Any CPU
		{ACB6FDD1-537C-40E0-A60E-8AEE7E595FD5}.Debug|x64.ActiveCfg = Debug|Any CPU
		{ACB6FDD1-537C-40E0-A60E-8AEE7E595FD5}.Debug|x64.Build.0 = Debug|Any CPU
		{ACB6FDD1-537C-40E0-A60E-8AEE7E595FD5}.Debug|x86.ActiveCfg = Debug|Any CPU
		{ACB6FDD1-537C-40E0-A60E-8AEE7E595FD5}.Debug|x86.Build.0 = Debug|Any CPU
		{ACB6FDD1-537C-40E0-A60E-8AEE7E595FD5}.Release|Any CPU.ActiveCfg = Release|Any CPU
		{ACB6FDD1-537C-40E0-A60E-8AEE7E595FD5}.Release|Any CPU.Build.0 = Release|Any CPU
		{ACB6FDD1-537C-40E0-A60E-8AEE7E595FD5}.Release|x64.ActiveCfg = Release|Any CPU
		{ACB6FDD1-537C-40E0-A60E-8AEE7E595FD5}.Release|x64.Build.0 = Release|Any CPU
		{ACB6FDD1-537C-40E0-A60E-8AEE7E595FD5}.Release|x86.ActiveCfg = Release|Any CPU
		{ACB6FDD1-537C-40E0-A60E-8AEE7E595FD5}.Release|x86.Build.0 = Release|Any CPU
		{4D754AD3-7C4B-45DA-825F-6B8946725757}.Debug|Any CPU.ActiveCfg = Debug|Any CPU
		{4D754AD3-7C4B-45DA-825F-6B8946725757}.Debug|Any CPU.Build.0 = Debug|Any CPU
		{4D754AD3-7C4B-45DA-825F-6B8946725757}.Debug|x64.ActiveCfg = Debug|Any CPU
		{4D754AD3-7C4B-45DA-825F-6B8946725757}.Debug|x64.Build.0 = Debug|Any CPU
		{4D754AD3-7C4B-45DA-825F-6B8946725757}.Debug|x86.ActiveCfg = Debug|Any CPU
		{4D754AD3-7C4B-45DA-825F-6B8946725757}.Debug|x86.Build.0 = Debug|Any CPU
		{4D754AD3-7C4B-45DA-825F-6B8946725757}.Release|Any CPU.ActiveCfg = Release|Any CPU
		{4D754AD3-7C4B-45DA-825F-6B8946725757}.Release|Any CPU.Build.0 = Release|Any CPU
		{4D754AD3-7C4B-45DA-825F-6B8946725757}.Release|x64.ActiveCfg = Release|Any CPU
		{4D754AD3-7C4B-45DA-825F-6B8946725757}.Release|x64.Build.0 = Release|Any CPU
		{4D754AD3-7C4B-45DA-825F-6B8946725757}.Release|x86.ActiveCfg = Release|Any CPU
		{4D754AD3-7C4B-45DA-825F-6B8946725757}.Release|x86.Build.0 = Release|Any CPU
		{E836DA3E-B302-4250-8E05-4AE97DA711E9}.Debug|Any CPU.ActiveCfg = Debug|Any CPU
		{E836DA3E-B302-4250-8E05-4AE97DA711E9}.Debug|Any CPU.Build.0 = Debug|Any CPU
		{E836DA3E-B302-4250-8E05-4AE97DA711E9}.Debug|x64.ActiveCfg = Debug|Any CPU
		{E836DA3E-B302-4250-8E05-4AE97DA711E9}.Debug|x64.Build.0 = Debug|Any CPU
		{E836DA3E-B302-4250-8E05-4AE97DA711E9}.Debug|x86.ActiveCfg = Debug|Any CPU
		{E836DA3E-B302-4250-8E05-4AE97DA711E9}.Debug|x86.Build.0 = Debug|Any CPU
		{E836DA3E-B302-4250-8E05-4AE97DA711E9}.Release|Any CPU.ActiveCfg = Release|Any CPU
		{E836DA3E-B302-4250-8E05-4AE97DA711E9}.Release|Any CPU.Build.0 = Release|Any CPU
		{E836DA3E-B302-4250-8E05-4AE97DA711E9}.Release|x64.ActiveCfg = Release|Any CPU
		{E836DA3E-B302-4250-8E05-4AE97DA711E9}.Release|x64.Build.0 = Release|Any CPU
		{E836DA3E-B302-4250-8E05-4AE97DA711E9}.Release|x86.ActiveCfg = Release|Any CPU
		{E836DA3E-B302-4250-8E05-4AE97DA711E9}.Release|x86.Build.0 = Release|Any CPU
		{DAD712EB-C1DB-4324-92E2-F6A1F82ADC2A}.Debug|Any CPU.ActiveCfg = Debug|Any CPU
		{DAD712EB-C1DB-4324-92E2-F6A1F82ADC2A}.Debug|Any CPU.Build.0 = Debug|Any CPU
		{DAD712EB-C1DB-4324-92E2-F6A1F82ADC2A}.Debug|x64.ActiveCfg = Debug|Any CPU
		{DAD712EB-C1DB-4324-92E2-F6A1F82ADC2A}.Debug|x64.Build.0 = Debug|Any CPU
		{DAD712EB-C1DB-4324-92E2-F6A1F82ADC2A}.Debug|x86.ActiveCfg = Debug|Any CPU
		{DAD712EB-C1DB-4324-92E2-F6A1F82ADC2A}.Debug|x86.Build.0 = Debug|Any CPU
		{DAD712EB-C1DB-4324-92E2-F6A1F82ADC2A}.Release|Any CPU.ActiveCfg = Release|Any CPU
		{DAD712EB-C1DB-4324-92E2-F6A1F82ADC2A}.Release|Any CPU.Build.0 = Release|Any CPU
		{DAD712EB-C1DB-4324-92E2-F6A1F82ADC2A}.Release|x64.ActiveCfg = Release|Any CPU
		{DAD712EB-C1DB-4324-92E2-F6A1F82ADC2A}.Release|x64.Build.0 = Release|Any CPU
		{DAD712EB-C1DB-4324-92E2-F6A1F82ADC2A}.Release|x86.ActiveCfg = Release|Any CPU
		{DAD712EB-C1DB-4324-92E2-F6A1F82ADC2A}.Release|x86.Build.0 = Release|Any CPU
		{323B4E5D-FDDE-4A5F-91D9-AAAD05FCE7C4}.Debug|Any CPU.ActiveCfg = Debug|Any CPU
		{323B4E5D-FDDE-4A5F-91D9-AAAD05FCE7C4}.Debug|Any CPU.Build.0 = Debug|Any CPU
		{323B4E5D-FDDE-4A5F-91D9-AAAD05FCE7C4}.Debug|x64.ActiveCfg = Debug|Any CPU
		{323B4E5D-FDDE-4A5F-91D9-AAAD05FCE7C4}.Debug|x64.Build.0 = Debug|Any CPU
		{323B4E5D-FDDE-4A5F-91D9-AAAD05FCE7C4}.Debug|x86.ActiveCfg = Debug|Any CPU
		{323B4E5D-FDDE-4A5F-91D9-AAAD05FCE7C4}.Debug|x86.Build.0 = Debug|Any CPU
		{323B4E5D-FDDE-4A5F-91D9-AAAD05FCE7C4}.Release|Any CPU.ActiveCfg = Release|Any CPU
		{323B4E5D-FDDE-4A5F-91D9-AAAD05FCE7C4}.Release|Any CPU.Build.0 = Release|Any CPU
		{323B4E5D-FDDE-4A5F-91D9-AAAD05FCE7C4}.Release|x64.ActiveCfg = Release|Any CPU
		{323B4E5D-FDDE-4A5F-91D9-AAAD05FCE7C4}.Release|x64.Build.0 = Release|Any CPU
		{323B4E5D-FDDE-4A5F-91D9-AAAD05FCE7C4}.Release|x86.ActiveCfg = Release|Any CPU
		{323B4E5D-FDDE-4A5F-91D9-AAAD05FCE7C4}.Release|x86.Build.0 = Release|Any CPU
		{698D4BE3-184C-4F22-AD8D-C31E433B2D55}.Debug|Any CPU.ActiveCfg = Debug|Any CPU
		{698D4BE3-184C-4F22-AD8D-C31E433B2D55}.Debug|Any CPU.Build.0 = Debug|Any CPU
		{698D4BE3-184C-4F22-AD8D-C31E433B2D55}.Debug|x64.ActiveCfg = Debug|Any CPU
		{698D4BE3-184C-4F22-AD8D-C31E433B2D55}.Debug|x64.Build.0 = Debug|Any CPU
		{698D4BE3-184C-4F22-AD8D-C31E433B2D55}.Debug|x86.ActiveCfg = Debug|Any CPU
		{698D4BE3-184C-4F22-AD8D-C31E433B2D55}.Debug|x86.Build.0 = Debug|Any CPU
		{698D4BE3-184C-4F22-AD8D-C31E433B2D55}.Release|Any CPU.ActiveCfg = Release|Any CPU
		{698D4BE3-184C-4F22-AD8D-C31E433B2D55}.Release|Any CPU.Build.0 = Release|Any CPU
		{698D4BE3-184C-4F22-AD8D-C31E433B2D55}.Release|x64.ActiveCfg = Release|Any CPU
		{698D4BE3-184C-4F22-AD8D-C31E433B2D55}.Release|x64.Build.0 = Release|Any CPU
		{698D4BE3-184C-4F22-AD8D-C31E433B2D55}.Release|x86.ActiveCfg = Release|Any CPU
		{698D4BE3-184C-4F22-AD8D-C31E433B2D55}.Release|x86.Build.0 = Release|Any CPU
		{BAAA0AD7-BAC1-4FD7-AACB-1EFF07D50172}.Debug|Any CPU.ActiveCfg = Debug|Any CPU
		{BAAA0AD7-BAC1-4FD7-AACB-1EFF07D50172}.Debug|Any CPU.Build.0 = Debug|Any CPU
		{BAAA0AD7-BAC1-4FD7-AACB-1EFF07D50172}.Debug|x64.ActiveCfg = Debug|Any CPU
		{BAAA0AD7-BAC1-4FD7-AACB-1EFF07D50172}.Debug|x64.Build.0 = Debug|Any CPU
		{BAAA0AD7-BAC1-4FD7-AACB-1EFF07D50172}.Debug|x86.ActiveCfg = Debug|Any CPU
		{BAAA0AD7-BAC1-4FD7-AACB-1EFF07D50172}.Debug|x86.Build.0 = Debug|Any CPU
		{BAAA0AD7-BAC1-4FD7-AACB-1EFF07D50172}.Release|Any CPU.ActiveCfg = Release|Any CPU
		{BAAA0AD7-BAC1-4FD7-AACB-1EFF07D50172}.Release|Any CPU.Build.0 = Release|Any CPU
		{BAAA0AD7-BAC1-4FD7-AACB-1EFF07D50172}.Release|x64.ActiveCfg = Release|Any CPU
		{BAAA0AD7-BAC1-4FD7-AACB-1EFF07D50172}.Release|x64.Build.0 = Release|Any CPU
		{BAAA0AD7-BAC1-4FD7-AACB-1EFF07D50172}.Release|x86.ActiveCfg = Release|Any CPU
		{BAAA0AD7-BAC1-4FD7-AACB-1EFF07D50172}.Release|x86.Build.0 = Release|Any CPU
		{72CBFF2D-D7ED-4702-BF06-DDA6863C068B}.Debug|Any CPU.ActiveCfg = Debug|Any CPU
		{72CBFF2D-D7ED-4702-BF06-DDA6863C068B}.Debug|Any CPU.Build.0 = Debug|Any CPU
		{72CBFF2D-D7ED-4702-BF06-DDA6863C068B}.Debug|x64.ActiveCfg = Debug|Any CPU
		{72CBFF2D-D7ED-4702-BF06-DDA6863C068B}.Debug|x64.Build.0 = Debug|Any CPU
		{72CBFF2D-D7ED-4702-BF06-DDA6863C068B}.Debug|x86.ActiveCfg = Debug|Any CPU
		{72CBFF2D-D7ED-4702-BF06-DDA6863C068B}.Debug|x86.Build.0 = Debug|Any CPU
		{72CBFF2D-D7ED-4702-BF06-DDA6863C068B}.Release|Any CPU.ActiveCfg = Release|Any CPU
		{72CBFF2D-D7ED-4702-BF06-DDA6863C068B}.Release|Any CPU.Build.0 = Release|Any CPU
		{72CBFF2D-D7ED-4702-BF06-DDA6863C068B}.Release|x64.ActiveCfg = Release|Any CPU
		{72CBFF2D-D7ED-4702-BF06-DDA6863C068B}.Release|x64.Build.0 = Release|Any CPU
		{72CBFF2D-D7ED-4702-BF06-DDA6863C068B}.Release|x86.ActiveCfg = Release|Any CPU
		{72CBFF2D-D7ED-4702-BF06-DDA6863C068B}.Release|x86.Build.0 = Release|Any CPU
		{26B420A0-0215-4D27-AEC3-07CE6DBA4DD2}.Debug|Any CPU.ActiveCfg = Debug|Any CPU
		{26B420A0-0215-4D27-AEC3-07CE6DBA4DD2}.Debug|Any CPU.Build.0 = Debug|Any CPU
		{26B420A0-0215-4D27-AEC3-07CE6DBA4DD2}.Debug|x64.ActiveCfg = Debug|Any CPU
		{26B420A0-0215-4D27-AEC3-07CE6DBA4DD2}.Debug|x64.Build.0 = Debug|Any CPU
		{26B420A0-0215-4D27-AEC3-07CE6DBA4DD2}.Debug|x86.ActiveCfg = Debug|Any CPU
		{26B420A0-0215-4D27-AEC3-07CE6DBA4DD2}.Debug|x86.Build.0 = Debug|Any CPU
		{26B420A0-0215-4D27-AEC3-07CE6DBA4DD2}.Release|Any CPU.ActiveCfg = Release|Any CPU
		{26B420A0-0215-4D27-AEC3-07CE6DBA4DD2}.Release|Any CPU.Build.0 = Release|Any CPU
		{26B420A0-0215-4D27-AEC3-07CE6DBA4DD2}.Release|x64.ActiveCfg = Release|Any CPU
		{26B420A0-0215-4D27-AEC3-07CE6DBA4DD2}.Release|x64.Build.0 = Release|Any CPU
		{26B420A0-0215-4D27-AEC3-07CE6DBA4DD2}.Release|x86.ActiveCfg = Release|Any CPU
		{26B420A0-0215-4D27-AEC3-07CE6DBA4DD2}.Release|x86.Build.0 = Release|Any CPU
		{D1E2D86F-0969-4303-8FDB-4A75004140C9}.Debug|Any CPU.ActiveCfg = Debug|Any CPU
		{D1E2D86F-0969-4303-8FDB-4A75004140C9}.Debug|Any CPU.Build.0 = Debug|Any CPU
		{D1E2D86F-0969-4303-8FDB-4A75004140C9}.Debug|x64.ActiveCfg = Debug|Any CPU
		{D1E2D86F-0969-4303-8FDB-4A75004140C9}.Debug|x64.Build.0 = Debug|Any CPU
		{D1E2D86F-0969-4303-8FDB-4A75004140C9}.Debug|x86.ActiveCfg = Debug|Any CPU
		{D1E2D86F-0969-4303-8FDB-4A75004140C9}.Debug|x86.Build.0 = Debug|Any CPU
		{D1E2D86F-0969-4303-8FDB-4A75004140C9}.Release|Any CPU.ActiveCfg = Release|Any CPU
		{D1E2D86F-0969-4303-8FDB-4A75004140C9}.Release|Any CPU.Build.0 = Release|Any CPU
		{D1E2D86F-0969-4303-8FDB-4A75004140C9}.Release|x64.ActiveCfg = Release|Any CPU
		{D1E2D86F-0969-4303-8FDB-4A75004140C9}.Release|x64.Build.0 = Release|Any CPU
		{D1E2D86F-0969-4303-8FDB-4A75004140C9}.Release|x86.ActiveCfg = Release|Any CPU
		{D1E2D86F-0969-4303-8FDB-4A75004140C9}.Release|x86.Build.0 = Release|Any CPU
		{4834D3B6-5852-482C-A2E6-3D0DDD72A263}.Debug|Any CPU.ActiveCfg = Debug|Any CPU
		{4834D3B6-5852-482C-A2E6-3D0DDD72A263}.Debug|Any CPU.Build.0 = Debug|Any CPU
		{4834D3B6-5852-482C-A2E6-3D0DDD72A263}.Debug|x64.ActiveCfg = Debug|Any CPU
		{4834D3B6-5852-482C-A2E6-3D0DDD72A263}.Debug|x64.Build.0 = Debug|Any CPU
		{4834D3B6-5852-482C-A2E6-3D0DDD72A263}.Debug|x86.ActiveCfg = Debug|Any CPU
		{4834D3B6-5852-482C-A2E6-3D0DDD72A263}.Debug|x86.Build.0 = Debug|Any CPU
		{4834D3B6-5852-482C-A2E6-3D0DDD72A263}.Release|Any CPU.ActiveCfg = Release|Any CPU
		{4834D3B6-5852-482C-A2E6-3D0DDD72A263}.Release|Any CPU.Build.0 = Release|Any CPU
		{4834D3B6-5852-482C-A2E6-3D0DDD72A263}.Release|x64.ActiveCfg = Release|Any CPU
		{4834D3B6-5852-482C-A2E6-3D0DDD72A263}.Release|x64.Build.0 = Release|Any CPU
		{4834D3B6-5852-482C-A2E6-3D0DDD72A263}.Release|x86.ActiveCfg = Release|Any CPU
		{4834D3B6-5852-482C-A2E6-3D0DDD72A263}.Release|x86.Build.0 = Release|Any CPU
		{05921135-44F4-4541-8A2A-11BEA8CD55B1}.Debug|Any CPU.ActiveCfg = Debug|Any CPU
		{05921135-44F4-4541-8A2A-11BEA8CD55B1}.Debug|Any CPU.Build.0 = Debug|Any CPU
		{05921135-44F4-4541-8A2A-11BEA8CD55B1}.Debug|x64.ActiveCfg = Debug|Any CPU
		{05921135-44F4-4541-8A2A-11BEA8CD55B1}.Debug|x64.Build.0 = Debug|Any CPU
		{05921135-44F4-4541-8A2A-11BEA8CD55B1}.Debug|x86.ActiveCfg = Debug|Any CPU
		{05921135-44F4-4541-8A2A-11BEA8CD55B1}.Debug|x86.Build.0 = Debug|Any CPU
		{05921135-44F4-4541-8A2A-11BEA8CD55B1}.Release|Any CPU.ActiveCfg = Release|Any CPU
		{05921135-44F4-4541-8A2A-11BEA8CD55B1}.Release|Any CPU.Build.0 = Release|Any CPU
		{05921135-44F4-4541-8A2A-11BEA8CD55B1}.Release|x64.ActiveCfg = Release|Any CPU
		{05921135-44F4-4541-8A2A-11BEA8CD55B1}.Release|x64.Build.0 = Release|Any CPU
		{05921135-44F4-4541-8A2A-11BEA8CD55B1}.Release|x86.ActiveCfg = Release|Any CPU
		{05921135-44F4-4541-8A2A-11BEA8CD55B1}.Release|x86.Build.0 = Release|Any CPU
		{4D705E8D-C5D2-46D4-953F-FB7D6A616432}.Debug|Any CPU.ActiveCfg = Debug|Any CPU
		{4D705E8D-C5D2-46D4-953F-FB7D6A616432}.Debug|Any CPU.Build.0 = Debug|Any CPU
		{4D705E8D-C5D2-46D4-953F-FB7D6A616432}.Debug|x64.ActiveCfg = Debug|Any CPU
		{4D705E8D-C5D2-46D4-953F-FB7D6A616432}.Debug|x64.Build.0 = Debug|Any CPU
		{4D705E8D-C5D2-46D4-953F-FB7D6A616432}.Debug|x86.ActiveCfg = Debug|Any CPU
		{4D705E8D-C5D2-46D4-953F-FB7D6A616432}.Debug|x86.Build.0 = Debug|Any CPU
		{4D705E8D-C5D2-46D4-953F-FB7D6A616432}.Release|Any CPU.ActiveCfg = Release|Any CPU
		{4D705E8D-C5D2-46D4-953F-FB7D6A616432}.Release|Any CPU.Build.0 = Release|Any CPU
		{4D705E8D-C5D2-46D4-953F-FB7D6A616432}.Release|x64.ActiveCfg = Release|Any CPU
		{4D705E8D-C5D2-46D4-953F-FB7D6A616432}.Release|x64.Build.0 = Release|Any CPU
		{4D705E8D-C5D2-46D4-953F-FB7D6A616432}.Release|x86.ActiveCfg = Release|Any CPU
		{4D705E8D-C5D2-46D4-953F-FB7D6A616432}.Release|x86.Build.0 = Release|Any CPU
	EndGlobalSection
	GlobalSection(SolutionProperties) = preSolution
		HideSolutionNode = FALSE
	EndGlobalSection
	GlobalSection(ExtensibilityGlobals) = postSolution
		SolutionGuid = {4530F0DE-A2BE-4F16-82FA-4040669ACDC3}
	EndGlobalSection
EndGlobal
